<Solution>
  <Configurations>
    <Platform Name="x64" />
    <Platform Name="x86" />
  </Configurations>
  <Project Path="../VaraiablesTest1/VaraiablesTest1.vcxproj" />
  <Project Path="../VariablesTest2/VariablesTest2.vcxproj" />
  <Project Path="../VariablesTest3/VariablesTest3.vcxproj" />
  <Project Path="Va.vcxproj" />
</Solution>
